// !$*UTF8*$!
{
	archiveVersion = 1;
	classes = {
	};
	objectVersion = 46;
	objects = {

/* Begin PBXBuildFile section */
		1828110F1CCFB2370073507B /* main.m in Sources */ = {isa = PBXBuildFile; fileRef = 1828110E1CCFB2370073507B /* main.m */; };
		182811121CCFB2370073507B /* AppDelegate.m in Sources */ = {isa = PBXBuildFile; fileRef = 182811111CCFB2370073507B /* AppDelegate.m */; };
		1828111A1CCFB2370073507B /* Assets.xcassets in Resources */ = {isa = PBXBuildFile; fileRef = 182811191CCFB2370073507B /* Assets.xcassets */; };
		182811281CCFB2370073507B /* _____Tests.m in Sources */ = {isa = PBXBuildFile; fileRef = 182811271CCFB2370073507B /* _____Tests.m */; };
		182811331CCFB2370073507B /* _____UITests.m in Sources */ = {isa = PBXBuildFile; fileRef = 182811321CCFB2370073507B /* _____UITests.m */; };
		182811421CCFBAE10073507B /* GLTabBarController.m in Sources */ = {isa = PBXBuildFile; fileRef = 182811411CCFBAE10073507B /* GLTabBarController.m */; };
		182811451CCFC4BA0073507B /* GLEssenceViewController.m in Sources */ = {isa = PBXBuildFile; fileRef = 182811441CCFC4BA0073507B /* GLEssenceViewController.m */; };
		182811481CCFC4DA0073507B /* GLNewViewController.m in Sources */ = {isa = PBXBuildFile; fileRef = 182811471CCFC4DA0073507B /* GLNewViewController.m */; };
		1828114B1CCFC4EE0073507B /* GLFriendTrendsViewController.m in Sources */ = {isa = PBXBuildFile; fileRef = 1828114A1CCFC4EE0073507B /* GLFriendTrendsViewController.m */; };
		1828114E1CCFC4FD0073507B /* GLMeViewController.m in Sources */ = {isa = PBXBuildFile; fileRef = 1828114D1CCFC4FD0073507B /* GLMeViewController.m */; };
		182811511CCFC90E0073507B /* GLTabBar.m in Sources */ = {isa = PBXBuildFile; fileRef = 182811501CCFC90E0073507B /* GLTabBar.m */; };
		182811541CCFD16C0073507B /* UIView+GLExtension.m in Sources */ = {isa = PBXBuildFile; fileRef = 182811531CCFD16C0073507B /* UIView+GLExtension.m */; };
		182811581CD09BD30073507B /* UIBarButtonItem+GLExtension.m in Sources */ = {isa = PBXBuildFile; fileRef = 182811571CD09BD30073507B /* UIBarButtonItem+GLExtension.m */; };
/* End PBXBuildFile section */

/* Begin PBXContainerItemProxy section */
		182811241CCFB2370073507B /* PBXContainerItemProxy */ = {
			isa = PBXContainerItemProxy;
			containerPortal = 182811021CCFB2360073507B /* Project object */;
			proxyType = 1;
			remoteGlobalIDString = 182811091CCFB2360073507B;
			remoteInfo = "百思不得姐";
		};
		1828112F1CCFB2370073507B /* PBXContainerItemProxy */ = {
			isa = PBXContainerItemProxy;
			containerPortal = 182811021CCFB2360073507B /* Project object */;
			proxyType = 1;
			remoteGlobalIDString = 182811091CCFB2360073507B;
			remoteInfo = "百思不得姐";
		};
/* End PBXContainerItemProxy section */

/* Begin PBXFileReference section */
		1828110A1CCFB2360073507B /* 百思不得姐.app */ = {isa = PBXFileReference; explicitFileType = wrapper.application; includeInIndex = 0; path = "百思不得姐.app"; sourceTree = BUILT_PRODUCTS_DIR; };
		1828110E1CCFB2370073507B /* main.m */ = {isa = PBXFileReference; lastKnownFileType = sourcecode.c.objc; path = main.m; sourceTree = "<group>"; };
		182811101CCFB2370073507B /* AppDelegate.h */ = {isa = PBXFileReference; lastKnownFileType = sourcecode.c.h; path = AppDelegate.h; sourceTree = "<group>"; };
		182811111CCFB2370073507B /* AppDelegate.m */ = {isa = PBXFileReference; lastKnownFileType = sourcecode.c.objc; path = AppDelegate.m; sourceTree = "<group>"; };
		182811191CCFB2370073507B /* Assets.xcassets */ = {isa = PBXFileReference; lastKnownFileType = folder.assetcatalog; path = Assets.xcassets; sourceTree = "<group>"; };
		1828111E1CCFB2370073507B /* Info.plist */ = {isa = PBXFileReference; lastKnownFileType = text.plist.xml; path = Info.plist; sourceTree = "<group>"; };
		182811231CCFB2370073507B /* 百思不得姐Tests.xctest */ = {isa = PBXFileReference; explicitFileType = wrapper.cfbundle; includeInIndex = 0; path = "百思不得姐Tests.xctest"; sourceTree = BUILT_PRODUCTS_DIR; };
		182811271CCFB2370073507B /* _____Tests.m */ = {isa = PBXFileReference; lastKnownFileType = sourcecode.c.objc; path = "_____Tests.m"; sourceTree = "<group>"; };
		182811291CCFB2370073507B /* Info.plist */ = {isa = PBXFileReference; lastKnownFileType = text.plist.xml; path = Info.plist; sourceTree = "<group>"; };
		1828112E1CCFB2370073507B /* 百思不得姐UITests.xctest */ = {isa = PBXFileReference; explicitFileType = wrapper.cfbundle; includeInIndex = 0; path = "百思不得姐UITests.xctest"; sourceTree = BUILT_PRODUCTS_DIR; };
		182811321CCFB2370073507B /* _____UITests.m */ = {isa = PBXFileReference; lastKnownFileType = sourcecode.c.objc; path = "_____UITests.m"; sourceTree = "<group>"; };
		182811341CCFB2370073507B /* Info.plist */ = {isa = PBXFileReference; lastKnownFileType = text.plist.xml; path = Info.plist; sourceTree = "<group>"; };
		182811401CCFBAE10073507B /* GLTabBarController.h */ = {isa = PBXFileReference; fileEncoding = 4; lastKnownFileType = sourcecode.c.h; path = GLTabBarController.h; sourceTree = "<group>"; };
		182811411CCFBAE10073507B /* GLTabBarController.m */ = {isa = PBXFileReference; fileEncoding = 4; lastKnownFileType = sourcecode.c.objc; path = GLTabBarController.m; sourceTree = "<group>"; };
		182811431CCFC4BA0073507B /* GLEssenceViewController.h */ = {isa = PBXFileReference; fileEncoding = 4; lastKnownFileType = sourcecode.c.h; path = GLEssenceViewController.h; sourceTree = "<group>"; };
		182811441CCFC4BA0073507B /* GLEssenceViewController.m */ = {isa = PBXFileReference; fileEncoding = 4; lastKnownFileType = sourcecode.c.objc; path = GLEssenceViewController.m; sourceTree = "<group>"; };
		182811461CCFC4DA0073507B /* GLNewViewController.h */ = {isa = PBXFileReference; fileEncoding = 4; lastKnownFileType = sourcecode.c.h; path = GLNewViewController.h; sourceTree = "<group>"; };
		182811471CCFC4DA0073507B /* GLNewViewController.m */ = {isa = PBXFileReference; fileEncoding = 4; lastKnownFileType = sourcecode.c.objc; path = GLNewViewController.m; sourceTree = "<group>"; };
		182811491CCFC4EE0073507B /* GLFriendTrendsViewController.h */ = {isa = PBXFileReference; fileEncoding = 4; lastKnownFileType = sourcecode.c.h; path = GLFriendTrendsViewController.h; sourceTree = "<group>"; };
		1828114A1CCFC4EE0073507B /* GLFriendTrendsViewController.m */ = {isa = PBXFileReference; fileEncoding = 4; lastKnownFileType = sourcecode.c.objc; path = GLFriendTrendsViewController.m; sourceTree = "<group>"; };
		1828114C1CCFC4FD0073507B /* GLMeViewController.h */ = {isa = PBXFileReference; fileEncoding = 4; lastKnownFileType = sourcecode.c.h; path = GLMeViewController.h; sourceTree = "<group>"; };
		1828114D1CCFC4FD0073507B /* GLMeViewController.m */ = {isa = PBXFileReference; fileEncoding = 4; lastKnownFileType = sourcecode.c.objc; path = GLMeViewController.m; sourceTree = "<group>"; };
		1828114F1CCFC90E0073507B /* GLTabBar.h */ = {isa = PBXFileReference; fileEncoding = 4; lastKnownFileType = sourcecode.c.h; path = GLTabBar.h; sourceTree = "<group>"; };
		182811501CCFC90E0073507B /* GLTabBar.m */ = {isa = PBXFileReference; fileEncoding = 4; lastKnownFileType = sourcecode.c.objc; path = GLTabBar.m; sourceTree = "<group>"; };
		182811521CCFD16C0073507B /* UIView+GLExtension.h */ = {isa = PBXFileReference; fileEncoding = 4; lastKnownFileType = sourcecode.c.h; path = "UIView+GLExtension.h"; sourceTree = "<group>"; };
		182811531CCFD16C0073507B /* UIView+GLExtension.m */ = {isa = PBXFileReference; fileEncoding = 4; lastKnownFileType = sourcecode.c.objc; path = "UIView+GLExtension.m"; sourceTree = "<group>"; };
		182811551CCFD19A0073507B /* PrefixHeader.pch */ = {isa = PBXFileReference; lastKnownFileType = sourcecode.c.h; path = PrefixHeader.pch; sourceTree = "<group>"; };
		182811561CD09BD30073507B /* UIBarButtonItem+GLExtension.h */ = {isa = PBXFileReference; fileEncoding = 4; lastKnownFileType = sourcecode.c.h; path = "UIBarButtonItem+GLExtension.h"; sourceTree = "<group>"; };
		182811571CD09BD30073507B /* UIBarButtonItem+GLExtension.m */ = {isa = PBXFileReference; fileEncoding = 4; lastKnownFileType = sourcecode.c.objc; path = "UIBarButtonItem+GLExtension.m"; sourceTree = "<group>"; };
/* End PBXFileReference section */

/* Begin PBXFrameworksBuildPhase section */
		182811071CCFB2360073507B /* Frameworks */ = {
			isa = PBXFrameworksBuildPhase;
			buildActionMask = 2147483647;
			files = (
			);
			runOnlyForDeploymentPostprocessing = 0;
		};
		182811201CCFB2370073507B /* Frameworks */ = {
			isa = PBXFrameworksBuildPhase;
			buildActionMask = 2147483647;
			files = (
			);
			runOnlyForDeploymentPostprocessing = 0;
		};
		1828112B1CCFB2370073507B /* Frameworks */ = {
			isa = PBXFrameworksBuildPhase;
			buildActionMask = 2147483647;
			files = (
			);
			runOnlyForDeploymentPostprocessing = 0;
		};
/* End PBXFrameworksBuildPhase section */

/* Begin PBXGroup section */
		182811011CCFB2360073507B = {
			isa = PBXGroup;
			children = (
				1828110C1CCFB2370073507B /* 百思不得姐 */,
				182811261CCFB2370073507B /* 百思不得姐Tests */,
				182811311CCFB2370073507B /* 百思不得姐UITests */,
				1828110B1CCFB2360073507B /* Products */,
			);
			sourceTree = "<group>";
		};
		1828110B1CCFB2360073507B /* Products */ = {
			isa = PBXGroup;
			children = (
				1828110A1CCFB2360073507B /* 百思不得姐.app */,
				182811231CCFB2370073507B /* 百思不得姐Tests.xctest */,
				1828112E1CCFB2370073507B /* 百思不得姐UITests.xctest */,
			);
			name = Products;
			sourceTree = "<group>";
		};
		1828110C1CCFB2370073507B /* 百思不得姐 */ = {
			isa = PBXGroup;
			children = (
				182811591CD0A0DE0073507B /* classes */,
				1828110D1CCFB2370073507B /* Supporting Files */,
			);
			path = "百思不得姐";
			sourceTree = "<group>";
		};
		1828110D1CCFB2370073507B /* Supporting Files */ = {
			isa = PBXGroup;
			children = (
				182811191CCFB2370073507B /* Assets.xcassets */,
				1828111E1CCFB2370073507B /* Info.plist */,
			);
			name = "Supporting Files";
			sourceTree = "<group>";
		};
		182811261CCFB2370073507B /* 百思不得姐Tests */ = {
			isa = PBXGroup;
			children = (
				182811271CCFB2370073507B /* _____Tests.m */,
				182811291CCFB2370073507B /* Info.plist */,
			);
			path = "百思不得姐Tests";
			sourceTree = "<group>";
		};
		182811311CCFB2370073507B /* 百思不得姐UITests */ = {
			isa = PBXGroup;
			children = (
				182811321CCFB2370073507B /* _____UITests.m */,
				182811341CCFB2370073507B /* Info.plist */,
			);
			path = "百思不得姐UITests";
			sourceTree = "<group>";
		};
		182811591CD0A0DE0073507B /* classes */ = {
			isa = PBXGroup;
			children = (
				1828115A1CD0A1310073507B /* Essence */,
				1828115C1CD0A16E0073507B /* New */,
				1828115E1CD0A1980073507B /* FriendTrends */,
				1828115D1CD0A18B0073507B /* Me */,
				1828116D1CD0A2A30073507B /* Other */,
			);
			name = classes;
			sourceTree = "<group>";
		};
		1828115A1CD0A1310073507B /* Essence */ = {
			isa = PBXGroup;
			children = (
				1828116C1CD0A2730073507B /* Model */,
				1828116B1CD0A2720073507B /* View */,
				1828116A1CD0A2700073507B /* Controller */,
			);
			name = Essence;
			sourceTree = "<group>";
		};
		1828115C1CD0A16E0073507B /* New */ = {
			isa = PBXGroup;
			children = (
				182811691CD0A2590073507B /* Model */,
				182811681CD0A2580073507B /* View */,
				182811671CD0A2560073507B /* Controller */,
			);
			name = New;
			sourceTree = "<group>";
		};
		1828115D1CD0A18B0073507B /* Me */ = {
			isa = PBXGroup;
			children = (
				182811661CD0A23A0073507B /* Model */,
				182811651CD0A2380073507B /* View */,
				182811641CD0A2360073507B /* Controller */,
			);
			name = Me;
			sourceTree = "<group>";
		};
		1828115E1CD0A1980073507B /* FriendTrends */ = {
			isa = PBXGroup;
			children = (
				182811631CD0A2290073507B /* Model */,
				182811621CD0A2260073507B /* View */,
				1828115F1CD0A2090073507B /* Controller */,
			);
			name = FriendTrends;
			sourceTree = "<group>";
		};
		1828115F1CD0A2090073507B /* Controller */ = {
			isa = PBXGroup;
			children = (
				182811491CCFC4EE0073507B /* GLFriendTrendsViewController.h */,
				1828114A1CCFC4EE0073507B /* GLFriendTrendsViewController.m */,
			);
			name = Controller;
			sourceTree = "<group>";
		};
		182811621CD0A2260073507B /* View */ = {
			isa = PBXGroup;
			children = (
			);
			name = View;
			sourceTree = "<group>";
		};
		182811631CD0A2290073507B /* Model */ = {
			isa = PBXGroup;
			children = (
			);
			name = Model;
			sourceTree = "<group>";
		};
		182811641CD0A2360073507B /* Controller */ = {
			isa = PBXGroup;
			children = (
				1828114C1CCFC4FD0073507B /* GLMeViewController.h */,
				1828114D1CCFC4FD0073507B /* GLMeViewController.m */,
			);
			name = Controller;
			sourceTree = "<group>";
		};
		182811651CD0A2380073507B /* View */ = {
			isa = PBXGroup;
			children = (
			);
			name = View;
			sourceTree = "<group>";
		};
		182811661CD0A23A0073507B /* Model */ = {
			isa = PBXGroup;
			children = (
			);
			name = Model;
			sourceTree = "<group>";
		};
		182811671CD0A2560073507B /* Controller */ = {
			isa = PBXGroup;
			children = (
				182811461CCFC4DA0073507B /* GLNewViewController.h */,
				182811471CCFC4DA0073507B /* GLNewViewController.m */,
			);
			name = Controller;
			sourceTree = "<group>";
		};
		182811681CD0A2580073507B /* View */ = {
			isa = PBXGroup;
			children = (
			);
			name = View;
			sourceTree = "<group>";
		};
		182811691CD0A2590073507B /* Model */ = {
			isa = PBXGroup;
			children = (
			);
			name = Model;
			sourceTree = "<group>";
		};
		1828116A1CD0A2700073507B /* Controller */ = {
			isa = PBXGroup;
			children = (
				182811431CCFC4BA0073507B /* GLEssenceViewController.h */,
				182811441CCFC4BA0073507B /* GLEssenceViewController.m */,
			);
			name = Controller;
			sourceTree = "<group>";
		};
		1828116B1CD0A2720073507B /* View */ = {
			isa = PBXGroup;
			children = (
			);
			name = View;
			sourceTree = "<group>";
		};
		1828116C1CD0A2730073507B /* Model */ = {
			isa = PBXGroup;
			children = (
			);
			name = Model;
			sourceTree = "<group>";
		};
		1828116D1CD0A2A30073507B /* Other */ = {
			isa = PBXGroup;
			children = (
				182811701CD0A2EF0073507B /* View */,
				1828116F1CD0A2ED0073507B /* Controller */,
				1828116E1CD0A2C30073507B /* Category */,
				182811101CCFB2370073507B /* AppDelegate.h */,
				182811111CCFB2370073507B /* AppDelegate.m */,
				182811551CCFD19A0073507B /* PrefixHeader.pch */,
				1828110E1CCFB2370073507B /* main.m */,
			);
			name = Other;
			sourceTree = "<group>";
		};
		1828116E1CD0A2C30073507B /* Category */ = {
			isa = PBXGroup;
			children = (
				182811521CCFD16C0073507B /* UIView+GLExtension.h */,
				182811531CCFD16C0073507B /* UIView+GLExtension.m */,
				182811561CD09BD30073507B /* UIBarButtonItem+GLExtension.h */,
				182811571CD09BD30073507B /* UIBarButtonItem+GLExtension.m */,
			);
			name = Category;
			sourceTree = "<group>";
		};
		1828116F1CD0A2ED0073507B /* Controller */ = {
			isa = PBXGroup;
			children = (
				182811401CCFBAE10073507B /* GLTabBarController.h */,
				182811411CCFBAE10073507B /* GLTabBarController.m */,
			);
			name = Controller;
			sourceTree = "<group>";
		};
		182811701CD0A2EF0073507B /* View */ = {
			isa = PBXGroup;
			children = (
				1828114F1CCFC90E0073507B /* GLTabBar.h */,
				182811501CCFC90E0073507B /* GLTabBar.m */,
			);
			name = View;
			sourceTree = "<group>";
		};
/* End PBXGroup section */

/* Begin PBXNativeTarget section */
		182811091CCFB2360073507B /* 百思不得姐 */ = {
			isa = PBXNativeTarget;
			buildConfigurationList = 182811371CCFB2370073507B /* Build configuration list for PBXNativeTarget "百思不得姐" */;
			buildPhases = (
				182811061CCFB2360073507B /* Sources */,
				182811071CCFB2360073507B /* Frameworks */,
				182811081CCFB2360073507B /* Resources */,
			);
			buildRules = (
			);
			dependencies = (
			);
			name = "百思不得姐";
			productName = "百思不得姐";
			productReference = 1828110A1CCFB2360073507B /* 百思不得姐.app */;
			productType = "com.apple.product-type.application";
		};
		182811221CCFB2370073507B /* 百思不得姐Tests */ = {
			isa = PBXNativeTarget;
			buildConfigurationList = 1828113A1CCFB2370073507B /* Build configuration list for PBXNativeTarget "百思不得姐Tests" */;
			buildPhases = (
				1828111F1CCFB2370073507B /* Sources */,
				182811201CCFB2370073507B /* Frameworks */,
				182811211CCFB2370073507B /* Resources */,
			);
			buildRules = (
			);
			dependencies = (
				182811251CCFB2370073507B /* PBXTargetDependency */,
			);
			name = "百思不得姐Tests";
			productName = "百思不得姐Tests";
			productReference = 182811231CCFB2370073507B /* 百思不得姐Tests.xctest */;
			productType = "com.apple.product-type.bundle.unit-test";
		};
		1828112D1CCFB2370073507B /* 百思不得姐UITests */ = {
			isa = PBXNativeTarget;
			buildConfigurationList = 1828113D1CCFB2370073507B /* Build configuration list for PBXNativeTarget "百思不得姐UITests" */;
			buildPhases = (
				1828112A1CCFB2370073507B /* Sources */,
				1828112B1CCFB2370073507B /* Frameworks */,
				1828112C1CCFB2370073507B /* Resources */,
			);
			buildRules = (
			);
			dependencies = (
				182811301CCFB2370073507B /* PBXTargetDependency */,
			);
			name = "百思不得姐UITests";
			productName = "百思不得姐UITests";
			productReference = 1828112E1CCFB2370073507B /* 百思不得姐UITests.xctest */;
			productType = "com.apple.product-type.bundle.ui-testing";
		};
/* End PBXNativeTarget section */

/* Begin PBXProject section */
		182811021CCFB2360073507B /* Project object */ = {
			isa = PBXProject;
			attributes = {
				LastUpgradeCheck = 0730;
				ORGANIZATIONNAME = Lucccc;
				TargetAttributes = {
					182811091CCFB2360073507B = {
						CreatedOnToolsVersion = 7.3;
						DevelopmentTeam = FZ23HPHX7F;
					};
					182811221CCFB2370073507B = {
						CreatedOnToolsVersion = 7.3;
						DevelopmentTeam = FZ23HPHX7F;
						TestTargetID = 182811091CCFB2360073507B;
					};
					1828112D1CCFB2370073507B = {
						CreatedOnToolsVersion = 7.3;
						DevelopmentTeam = FZ23HPHX7F;
						TestTargetID = 182811091CCFB2360073507B;
					};
				};
			};
			buildConfigurationList = 182811051CCFB2360073507B /* Build configuration list for PBXProject "百思不得姐" */;
			compatibilityVersion = "Xcode 3.2";
			developmentRegion = English;
			hasScannedForEncodings = 0;
			knownRegions = (
				en,
				Base,
			);
			mainGroup = 182811011CCFB2360073507B;
			productRefGroup = 1828110B1CCFB2360073507B /* Products */;
			projectDirPath = "";
			projectRoot = "";
			targets = (
				182811091CCFB2360073507B /* 百思不得姐 */,
				182811221CCFB2370073507B /* 百思不得姐Tests */,
				1828112D1CCFB2370073507B /* 百思不得姐UITests */,
			);
		};
/* End PBXProject section */

/* Begin PBXResourcesBuildPhase section */
		182811081CCFB2360073507B /* Resources */ = {
			isa = PBXResourcesBuildPhase;
			buildActionMask = 2147483647;
			files = (
				1828111A1CCFB2370073507B /* Assets.xcassets in Resources */,
			);
			runOnlyForDeploymentPostprocessing = 0;
		};
		182811211CCFB2370073507B /* Resources */ = {
			isa = PBXResourcesBuildPhase;
			buildActionMask = 2147483647;
			files = (
			);
			runOnlyForDeploymentPostprocessing = 0;
		};
		1828112C1CCFB2370073507B /* Resources */ = {
			isa = PBXResourcesBuildPhase;
			buildActionMask = 2147483647;
			files = (
			);
			runOnlyForDeploymentPostprocessing = 0;
		};
/* End PBXResourcesBuildPhase section */

/* Begin PBXSourcesBuildPhase section */
		182811061CCFB2360073507B /* Sources */ = {
			isa = PBXSourcesBuildPhase;
			buildActionMask = 2147483647;
			files = (
				182811481CCFC4DA0073507B /* GLNewViewController.m in Sources */,
				182811541CCFD16C0073507B /* UIView+GLExtension.m in Sources */,
				1828114B1CCFC4EE0073507B /* GLFriendTrendsViewController.m in Sources */,
				182811581CD09BD30073507B /* UIBarButtonItem+GLExtension.m in Sources */,
				182811451CCFC4BA0073507B /* GLEssenceViewController.m in Sources */,
				1828114E1CCFC4FD0073507B /* GLMeViewController.m in Sources */,
				182811511CCFC90E0073507B /* GLTabBar.m in Sources */,
				182811121CCFB2370073507B /* AppDelegate.m in Sources */,
				1828110F1CCFB2370073507B /* main.m in Sources */,
				182811421CCFBAE10073507B /* GLTabBarController.m in Sources */,
			);
			runOnlyForDeploymentPostprocessing = 0;
		};
		1828111F1CCFB2370073507B /* Sources */ = {
			isa = PBXSourcesBuildPhase;
			buildActionMask = 2147483647;
			files = (
				182811281CCFB2370073507B /* _____Tests.m in Sources */,
			);
			runOnlyForDeploymentPostprocessing = 0;
		};
		1828112A1CCFB2370073507B /* Sources */ = {
			isa = PBXSourcesBuildPhase;
			buildActionMask = 2147483647;
			files = (
				182811331CCFB2370073507B /* _____UITests.m in Sources */,
			);
			runOnlyForDeploymentPostprocessing = 0;
		};
/* End PBXSourcesBuildPhase section */

/* Begin PBXTargetDependency section */
		182811251CCFB2370073507B /* PBXTargetDependency */ = {
			isa = PBXTargetDependency;
			target = 182811091CCFB2360073507B /* 百思不得姐 */;
			targetProxy = 182811241CCFB2370073507B /* PBXContainerItemProxy */;
		};
		182811301CCFB2370073507B /* PBXTargetDependency */ = {
			isa = PBXTargetDependency;
			target = 182811091CCFB2360073507B /* 百思不得姐 */;
			targetProxy = 1828112F1CCFB2370073507B /* PBXContainerItemProxy */;
		};
/* End PBXTargetDependency section */

/* Begin XCBuildConfiguration section */
		182811351CCFB2370073507B /* Debug */ = {
			isa = XCBuildConfiguration;
			buildSettings = {
				ALWAYS_SEARCH_USER_PATHS = NO;
				CLANG_ANALYZER_NONNULL = YES;
				CLANG_CXX_LANGUAGE_STANDARD = "gnu++0x";
				CLANG_CXX_LIBRARY = "libc++";
				CLANG_ENABLE_MODULES = YES;
				CLANG_ENABLE_OBJC_ARC = YES;
				CLANG_WARN_BOOL_CONVERSION = YES;
				CLANG_WARN_CONSTANT_CONVERSION = YES;
				CLANG_WARN_DIRECT_OBJC_ISA_USAGE = YES_ERROR;
				CLANG_WARN_EMPTY_BODY = YES;
				CLANG_WARN_ENUM_CONVERSION = YES;
				CLANG_WARN_INT_CONVERSION = YES;
				CLANG_WARN_OBJC_ROOT_CLASS = YES_ERROR;
				CLANG_WARN_UNREACHABLE_CODE = YES;
				CLANG_WARN__DUPLICATE_METHOD_MATCH = YES;
				"CODE_SIGN_IDENTITY[sdk=iphoneos*]" = "iPhone Developer";
				COPY_PHASE_STRIP = NO;
				DEBUG_INFORMATION_FORMAT = dwarf;
				ENABLE_STRICT_OBJC_MSGSEND = YES;
				ENABLE_TESTABILITY = YES;
				GCC_C_LANGUAGE_STANDARD = gnu99;
				GCC_DYNAMIC_NO_PIC = NO;
				GCC_NO_COMMON_BLOCKS = YES;
				GCC_OPTIMIZATION_LEVEL = 0;
				GCC_PREPROCESSOR_DEFINITIONS = (
					"DEBUG=1",
					"$(inherited)",
				);
				GCC_WARN_64_TO_32_BIT_CONVERSION = YES;
				GCC_WARN_ABOUT_RETURN_TYPE = YES_ERROR;
				GCC_WARN_UNDECLARED_SELECTOR = YES;
				GCC_WARN_UNINITIALIZED_AUTOS = YES_AGGRESSIVE;
				GCC_WARN_UNUSED_FUNCTION = YES;
				GCC_WARN_UNUSED_VARIABLE = YES;
				IPHONEOS_DEPLOYMENT_TARGET = 9.3;
				MTL_ENABLE_DEBUG_INFO = YES;
				ONLY_ACTIVE_ARCH = YES;
				SDKROOT = iphoneos;
			};
			name = Debug;
		};
		182811361CCFB2370073507B /* Release */ = {
			isa = XCBuildConfiguration;
			buildSettings = {
				ALWAYS_SEARCH_USER_PATHS = NO;
				CLANG_ANALYZER_NONNULL = YES;
				CLANG_CXX_LANGUAGE_STANDARD = "gnu++0x";
				CLANG_CXX_LIBRARY = "libc++";
				CLANG_ENABLE_MODULES = YES;
				CLANG_ENABLE_OBJC_ARC = YES;
				CLANG_WARN_BOOL_CONVERSION = YES;
				CLANG_WARN_CONSTANT_CONVERSION = YES;
				CLANG_WARN_DIRECT_OBJC_ISA_USAGE = YES_ERROR;
				CLANG_WARN_EMPTY_BODY = YES;
				CLANG_WARN_ENUM_CONVERSION = YES;
				CLANG_WARN_INT_CONVERSION = YES;
				CLANG_WARN_OBJC_ROOT_CLASS = YES_ERROR;
				CLANG_WARN_UNREACHABLE_CODE = YES;
				CLANG_WARN__DUPLICATE_METHOD_MATCH = YES;
				"CODE_SIGN_IDENTITY[sdk=iphoneos*]" = "iPhone Developer";
				COPY_PHASE_STRIP = NO;
				DEBUG_INFORMATION_FORMAT = "dwarf-with-dsym";
				ENABLE_NS_ASSERTIONS = NO;
				ENABLE_STRICT_OBJC_MSGSEND = YES;
				GCC_C_LANGUAGE_STANDARD = gnu99;
				GCC_NO_COMMON_BLOCKS = YES;
				GCC_WARN_64_TO_32_BIT_CONVERSION = YES;
				GCC_WARN_ABOUT_RETURN_TYPE = YES_ERROR;
				GCC_WARN_UNDECLARED_SELECTOR = YES;
				GCC_WARN_UNINITIALIZED_AUTOS = YES_AGGRESSIVE;
				GCC_WARN_UNUSED_FUNCTION = YES;
				GCC_WARN_UNUSED_VARIABLE = YES;
				IPHONEOS_DEPLOYMENT_TARGET = 9.3;
				MTL_ENABLE_DEBUG_INFO = NO;
				SDKROOT = iphoneos;
				VALIDATE_PRODUCT = YES;
			};
			name = Release;
		};
		182811381CCFB2370073507B /* Debug */ = {
			isa = XCBuildConfiguration;
			buildSettings = {
				ASSETCATALOG_COMPILER_APPICON_NAME = AppIcon;
				ASSETCATALOG_COMPILER_LAUNCHIMAGE_NAME = LaunchImage;
				GCC_PREFIX_HEADER = "百思不得姐/PrefixHeader.pch";
				INFOPLIST_FILE = "百思不得姐/Info.plist";
				LD_RUNPATH_SEARCH_PATHS = "$(inherited) @executable_path/Frameworks";
				PRODUCT_BUNDLE_IDENTIFIER = "luc.-----";
				PRODUCT_NAME = "$(TARGET_NAME)";
			};
			name = Debug;
		};
		182811391CCFB2370073507B /* Release */ = {
			isa = XCBuildConfiguration;
			buildSettings = {
				ASSETCATALOG_COMPILER_APPICON_NAME = AppIcon;
				ASSETCATALOG_COMPILER_LAUNCHIMAGE_NAME = LaunchImage;
				GCC_PREFIX_HEADER = "百思不得姐/PrefixHeader.pch";
				INFOPLIST_FILE = "百思不得姐/Info.plist";
				LD_RUNPATH_SEARCH_PATHS = "$(inherited) @executable_path/Frameworks";
				PRODUCT_BUNDLE_IDENTIFIER = "luc.-----";
				PRODUCT_NAME = "$(TARGET_NAME)";
			};
			name = Release;
		};
		1828113B1CCFB2370073507B /* Debug */ = {
			isa = XCBuildConfiguration;
			buildSettings = {
				BUNDLE_LOADER = "$(TEST_HOST)";
				INFOPLIST_FILE = "百思不得姐Tests/Info.plist";
				LD_RUNPATH_SEARCH_PATHS = "$(inherited) @executable_path/Frameworks @loader_path/Frameworks";
				PRODUCT_BUNDLE_IDENTIFIER = "luc.-----Tests";
				PRODUCT_NAME = "$(TARGET_NAME)";
				TEST_HOST = "$(BUILT_PRODUCTS_DIR)/百思不得姐.app/百思不得姐";
			};
			name = Debug;
		};
		1828113C1CCFB2370073507B /* Release */ = {
			isa = XCBuildConfiguration;
			buildSettings = {
				BUNDLE_LOADER = "$(TEST_HOST)";
				INFOPLIST_FILE = "百思不得姐Tests/Info.plist";
				LD_RUNPATH_SEARCH_PATHS = "$(inherited) @executable_path/Frameworks @loader_path/Frameworks";
				PRODUCT_BUNDLE_IDENTIFIER = "luc.-----Tests";
				PRODUCT_NAME = "$(TARGET_NAME)";
				TEST_HOST = "$(BUILT_PRODUCTS_DIR)/百思不得姐.app/百思不得姐";
			};
			name = Release;
		};
		1828113E1CCFB2370073507B /* Debug */ = {
			isa = XCBuildConfiguration;
			buildSettings = {
				INFOPLIST_FILE = "百思不得姐UITests/Info.plist";
				LD_RUNPATH_SEARCH_PATHS = "$(inherited) @executable_path/Frameworks @loader_path/Frameworks";
				PRODUCT_BUNDLE_IDENTIFIER = "luc.-----UITests";
				PRODUCT_NAME = "$(TARGET_NAME)";
				TEST_TARGET_NAME = "百思不得姐";
			};
			name = Debug;
		};
		1828113F1CCFB2370073507B /* Release */ = {
			isa = XCBuildConfiguration;
			buildSettings = {
				INFOPLIST_FILE = "百思不得姐UITests/Info.plist";
				LD_RUNPATH_SEARCH_PATHS = "$(inherited) @executable_path/Frameworks @loader_path/Frameworks";
				PRODUCT_BUNDLE_IDENTIFIER = "luc.-----UITests";
				PRODUCT_NAME = "$(TARGET_NAME)";
				TEST_TARGET_NAME = "百思不得姐";
			};
			name = Release;
		};
/* End XCBuildConfiguration section */

/* Begin XCConfigurationList section */
		182811051CCFB2360073507B /* Build configuration list for PBXProject "百思不得姐" */ = {
			isa = XCConfigurationList;
			buildConfigurations = (
				182811351CCFB2370073507B /* Debug */,
				182811361CCFB2370073507B /* Release */,
			);
			defaultConfigurationIsVisible = 0;
			defaultConfigurationName = Release;
		};
		182811371CCFB2370073507B /* Build configuration list for PBXNativeTarget "百思不得姐" */ = {
			isa = XCConfigurationList;
			buildConfigurations = (
				182811381CCFB2370073507B /* Debug */,
				182811391CCFB2370073507B /* Release */,
			);
			defaultConfigurationIsVisible = 0;
		};
		1828113A1CCFB2370073507B /* Build configuration list for PBXNativeTarget "百思不得姐Tests" */ = {
			isa = XCConfigurationList;
			buildConfigurations = (
				1828113B1CCFB2370073507B /* Debug */,
				1828113C1CCFB2370073507B /* Release */,
			);
			defaultConfigurationIsVisible = 0;
		};
		1828113D1CCFB2370073507B /* Build configuration list for PBXNativeTarget "百思不得姐UITests" */ = {
			isa = XCConfigurationList;
			buildConfigurations = (
				1828113E1CCFB2370073507B /* Debug */,
				1828113F1CCFB2370073507B /* Release */,
			);
			defaultConfigurationIsVisible = 0;
		};
/* End XCConfigurationList section */
	};
	rootObject = 182811021CCFB2360073507B /* Project object */;
}
